{
  "name": "@discordx/importer",
  "version": "0.0.0",
  "lockfileVersion": 2,
  "requires": true,
  "packages": {
    "": {
      "name": "@discordx/importer",
      "version": "0.0.0",
      "license": "Apache-2.0",
      "dependencies": {
        "glob": "^8.0.3",
        "tslib": "^2.4.0",
        "turbo": "^1.4.2"
      },
      "devDependencies": {
        "@types/glob": "^7.2.0",
        "typescript": "^4.7.4"
      }
    },
    "node_modules/@types/glob": {
      "version": "7.2.0",
      "resolved": "https://registry.npmjs.org/@types/glob/-/glob-7.2.0.tgz",
      "integrity": "sha512-ZUxbzKl0IfJILTS6t7ip5fQQM/J3TJYubDm3nMbgubNNYS62eXeUpoLUC8/7fJNiFYHTrGPQn7hspDUzIHX3UA==",
      "dev": true,
      "dependencies": {
        "@types/minimatch": "*",
        "@types/node": "*"
      }
    },
    "node_modules/@types/minimatch": {
      "version": "3.0.5",
      "resolved": "https://registry.npmjs.org/@types/minimatch/-/minimatch-3.0.5.tgz",
      "integrity": "sha512-Klz949h02Gz2uZCMGwDUSDS1YBlTdDDgbWHi+81l29tQALUtvz4rAYi5uoVhE5Lagoq6DeqAUlbrHvW/mXDgdQ==",
      "dev": true
    },
    "node_modules/@types/node": {
      "version": "18.6.4",
      "resolved": "https://registry.npmjs.org/@types/node/-/node-18.6.4.tgz",
      "integrity": "sha512-I4BD3L+6AWiUobfxZ49DlU43gtI+FTHSv9pE2Zekg6KjMpre4ByusaljW3vYSLJrvQ1ck1hUaeVu8HVlY3vzHg==",
      "dev": true
    },
    "node_modules/balanced-match": {
      "version": "1.0.2",
      "resolved": "https://registry.npmjs.org/balanced-match/-/balanced-match-1.0.2.tgz",
      "integrity": "sha512-3oSeUO0TMV67hN1AmbXsK4yaqU7tjiHlbxRDZOpH0KW9+CeX4bRAaX0Anxt0tx2MrpRpWwQaPwIlISEJhYU5Pw=="
    },
    "node_modules/brace-expansion": {
      "version": "2.0.1",
      "resolved": "https://registry.npmjs.org/brace-expansion/-/brace-expansion-2.0.1.tgz",
      "integrity": "sha512-XnAIvQ8eM+kC6aULx6wuQiwVsnzsi9d3WxzV3FpWTGA19F621kwdbsAcFKXgKUHZWsy+mY6iL1sHTxWEFCytDA==",
      "dependencies": {
        "balanced-match": "^1.0.0"
      }
    },
    "node_modules/fs.realpath": {
      "version": "1.0.0",
      "resolved": "https://registry.npmjs.org/fs.realpath/-/fs.realpath-1.0.0.tgz",
      "integrity": "sha512-OO0pH2lK6a0hZnAdau5ItzHPI6pUlvI7jMVnxUQRtw4owF2wk8lOSabtGDCTP4Ggrg2MbGnWO9X8K1t4+fGMDw=="
    },
    "node_modules/glob": {
      "version": "8.0.3",
      "resolved": "https://registry.npmjs.org/glob/-/glob-8.0.3.tgz",
      "integrity": "sha512-ull455NHSHI/Y1FqGaaYFaLGkNMMJbavMrEGFXG/PGrg6y7sutWHUHrz6gy6WEBH6akM1M414dWKCNs+IhKdiQ==",
      "dependencies": {
        "fs.realpath": "^1.0.0",
        "inflight": "^1.0.4",
        "inherits": "2",
        "minimatch": "^5.0.1",
        "once": "^1.3.0"
      },
      "engines": {
        "node": ">=12"
      },
      "funding": {
        "url": "https://github.com/sponsors/isaacs"
      }
    },
    "node_modules/inflight": {
      "version": "1.0.6",
      "resolved": "https://registry.npmjs.org/inflight/-/inflight-1.0.6.tgz",
      "integrity": "sha512-k92I/b08q4wvFscXCLvqfsHCrjrF7yiXsQuIVvVE7N82W3+aqpzuUdBbfhWcy/FZR3/4IgflMgKLOsvPDrGCJA==",
      "dependencies": {
        "once": "^1.3.0",
        "wrappy": "1"
      }
    },
    "node_modules/inherits": {
      "version": "2.0.4",
      "resolved": "https://registry.npmjs.org/inherits/-/inherits-2.0.4.tgz",
      "integrity": "sha512-k/vGaX4/Yla3WzyMCvTQOXYeIHvqOKtnqBduzTHpzpQZzAskKMhZ2K+EnBiSM9zGSoIFeMpXKxa4dYeZIQqewQ=="
    },
    "node_modules/minimatch": {
      "version": "5.1.0",
      "resolved": "https://registry.npmjs.org/minimatch/-/minimatch-5.1.0.tgz",
      "integrity": "sha512-9TPBGGak4nHfGZsPBohm9AWg6NoT7QTCehS3BIJABslyZbzxfV78QM2Y6+i741OPZIafFAaiiEMh5OyIrJPgtg==",
      "dependencies": {
        "brace-expansion": "^2.0.1"
      },
      "engines": {
        "node": ">=10"
      }
    },
    "node_modules/once": {
      "version": "1.4.0",
      "resolved": "https://registry.npmjs.org/once/-/once-1.4.0.tgz",
      "integrity": "sha512-lNaJgI+2Q5URQBkccEKHTQOPaXdUxnZZElQTZY0MFUAuaEqe1E+Nyvgdz/aIyNi6Z9MzO5dv1H8n58/GELp3+w==",
      "dependencies": {
        "wrappy": "1"
      }
    },
    "node_modules/tslib": {
      "version": "2.4.0",
      "resolved": "https://registry.npmjs.org/tslib/-/tslib-2.4.0.tgz",
      "integrity": "sha512-d6xOpEDfsi2CZVlPQzGeux8XMwLT9hssAsaPYExaQMuYskwb+x1x7J371tWlbBdWHroy99KnVB6qIkUbs5X3UQ=="
    },
    "node_modules/turbo": {
      "version": "1.4.3",
      "resolved": "https://registry.npmjs.org/turbo/-/turbo-1.4.3.tgz",
      "integrity": "sha512-g08eD2HdO/XW5xGHnXr0cXGiWnrgFBI6pN/3u0EOTeerKAsWIZU0ZrpSnl3whRtImeBB/gQu7Eu1waM2VOxzgw==",
      "hasInstallScript": true,
      "bin": {
        "turbo": "bin/turbo"
      },
      "optionalDependencies": {
        "turbo-android-arm64": "1.4.3",
        "turbo-darwin-64": "1.4.3",
        "turbo-darwin-arm64": "1.4.3",
        "turbo-freebsd-64": "1.4.3",
        "turbo-freebsd-arm64": "1.4.3",
        "turbo-linux-32": "1.4.3",
        "turbo-linux-64": "1.4.3",
        "turbo-linux-arm": "1.4.3",
        "turbo-linux-arm64": "1.4.3",
        "turbo-linux-mips64le": "1.4.3",
        "turbo-linux-ppc64le": "1.4.3",
        "turbo-windows-32": "1.4.3",
        "turbo-windows-64": "1.4.3",
        "turbo-windows-arm64": "1.4.3"
      }
    },
    "node_modules/turbo-android-arm64": {
      "version": "1.4.3",
      "resolved": "https://registry.npmjs.org/turbo-android-arm64/-/turbo-android-arm64-1.4.3.tgz",
      "integrity": "sha512-ZUvdoEHJkTkOFOO9PKWYrdONDBVqkNsvwEMufTVf07RXgqmbXDPkznzT4hcQm6xXyqWqJdjgSAMdlm+2nNE1Og==",
      "cpu": [
        "arm64"
      ],
      "optional": true,
      "os": [
        "android"
      ]
    },
    "node_modules/turbo-darwin-64": {
      "version": "1.4.3",
      "resolved": "https://registry.npmjs.org/turbo-darwin-64/-/turbo-darwin-64-1.4.3.tgz",
      "integrity": "sha512-gapoVm5qbu2TJS4lJ6fM3o2eAkLyXSxHihw/4NRAYmwHCH3at1/cIAnRcctB/HLL3ZaB/p3HKb8mnI7k6xNHOw==",
      "cpu": [
        "x64"
      ],
      "optional": true,
      "os": [
        "darwin"
      ]
    },
    "node_modules/turbo-darwin-arm64": {
      "version": "1.4.3",
      "resolved": "https://registry.npmjs.org/turbo-darwin-arm64/-/turbo-darwin-arm64-1.4.3.tgz",
      "integrity": "sha512-XUe6FTsHamEH7FfNslYYO04yecAaguhZuwW4kE9B/BAP8MUYsmVqONauLPyE/YqM6pf2K0xwVe+RlEGf53CWbg==",
      "cpu": [
        "arm64"
      ],
      "optional": true,
      "os": [
        "darwin"
      ]
    },
    "node_modules/turbo-freebsd-64": {
      "version": "1.4.3",
      "resolved": "https://registry.npmjs.org/turbo-freebsd-64/-/turbo-freebsd-64-1.4.3.tgz",
      "integrity": "sha512-1CAjXmDClgMXdWZXreUfAbGBB2WB9TZHfJIdsgnDqt4fIcFGChknzYqc+Fj3tGHAczMpinGjBbWIzFuxOq/ofQ==",
      "cpu": [
        "x64"
      ],
      "optional": true,
      "os": [
        "freebsd"
      ]
    },
    "node_modules/turbo-freebsd-arm64": {
      "version": "1.4.3",
      "resolved": "https://registry.npmjs.org/turbo-freebsd-arm64/-/turbo-freebsd-arm64-1.4.3.tgz",
      "integrity": "sha512-j5C7j/vwabPKpr5d6YlLgHGHBZCOcXj3HdkBshDHTQ0wghH0NuCUUaesYxI3wva/4/Ec0dhIrb20Laa/HMxXLA==",
      "cpu": [
        "arm64"
      ],
      "optional": true,
      "os": [
        "freebsd"
      ]
    },
    "node_modules/turbo-linux-32": {
      "version": "1.4.3",
      "resolved": "https://registry.npmjs.org/turbo-linux-32/-/turbo-linux-32-1.4.3.tgz",
      "integrity": "sha512-vnc+StXIoQEnxIU43j7rEz/J+v+RV4dbUdUolBq0k9gkUV8KMCcqPkIa753K47E2KLNGKXMaYDI6AHQX1GAQZg==",
      "cpu": [
        "ia32"
      ],
      "optional": true,
      "os": [
        "linux"
      ]
    },
    "node_modules/turbo-linux-64": {
      "version": "1.4.3",
      "resolved": "https://registry.npmjs.org/turbo-linux-64/-/turbo-linux-64-1.4.3.tgz",
      "integrity": "sha512-KAUeIa8Ejt6BLrBGbVurlrjDxqh62tu75D4cqKqKfzWspcbEtmdqlV6qthXfm8SlzGSNuQXX0+qXEWds2FIZXg==",
      "cpu": [
        "x64"
      ],
      "optional": true,
      "os": [
        "linux"
      ]
    },
    "node_modules/turbo-linux-arm": {
      "version": "1.4.3",
      "resolved": "https://registry.npmjs.org/turbo-linux-arm/-/turbo-linux-arm-1.4.3.tgz",
      "integrity": "sha512-zZNoHUK5ioFyxAngh8tHe763Dzb22ne3LJkaZn0ExkFHJtWClWv536lPcDuQPpIH9W9iz5OwPKtN32DNpNwk8A==",
      "cpu": [
        "arm"
      ],
      "optional": true,
      "os": [
        "linux"
      ]
    },
    "node_modules/turbo-linux-arm64": {
      "version": "1.4.3",
      "resolved": "https://registry.npmjs.org/turbo-linux-arm64/-/turbo-linux-arm64-1.4.3.tgz",
      "integrity": "sha512-rzB7w+RHCQkKr8aDxxozv/IzdN976CYyBiRocSf9QGU73uyAg8pCo3i0MiENSRjDC+tUbdbu2lEUwGXf9ziB9Q==",
      "cpu": [
        "arm64"
      ],
      "optional": true,
      "os": [
        "linux"
      ]
    },
    "node_modules/turbo-linux-mips64le": {
      "version": "1.4.3",
      "resolved": "https://registry.npmjs.org/turbo-linux-mips64le/-/turbo-linux-mips64le-1.4.3.tgz",
      "integrity": "sha512-Ztr1BM5NiUsHWjB7zpkP2RpRDA/fjbLaCbkyfyGlLmVkrSkh05NFBD03IWs2LSLy/wb6vRpL3MQ4FKcb97Tn8w==",
      "cpu": [
        "mipsel"
      ],
      "optional": true,
      "os": [
        "linux"
      ]
    },
    "node_modules/turbo-linux-ppc64le": {
      "version": "1.4.3",
      "resolved": "https://registry.npmjs.org/turbo-linux-ppc64le/-/turbo-linux-ppc64le-1.4.3.tgz",
      "integrity": "sha512-tJaFJWxwfy/iLd69VHZj6JcXy9hO8LQ+ZUOna/p/wiy5WrFVgEYlD+4gfECfRZ+52EIelMgXl97vACaN1WMhLw==",
      "cpu": [
        "ppc64"
      ],
      "optional": true,
      "os": [
        "linux"
      ]
    },
    "node_modules/turbo-windows-32": {
      "version": "1.4.3",
      "resolved": "https://registry.npmjs.org/turbo-windows-32/-/turbo-windows-32-1.4.3.tgz",
      "integrity": "sha512-w9LyYd+DW3PYFXu9vQiie5lfdqmVIKLV0h181C49hempkIXfgQAosXfaugYWDwBc0GEBoBIQB0vGQKE7gt5nzA==",
      "cpu": [
        "ia32"
      ],
      "optional": true,
      "os": [
        "win32"
      ]
    },
    "node_modules/turbo-windows-64": {
      "version": "1.4.3",
      "resolved": "https://registry.npmjs.org/turbo-windows-64/-/turbo-windows-64-1.4.3.tgz",
      "integrity": "sha512-qPCqemxxOrXyqqig3fVQozRkOwo5oJSsQ3FTZE5YlNu2NwwWvY1mC0X4WTZIDsbj4oHqr0riqC7RGKbjQm1IIQ==",
      "cpu": [
        "x64"
      ],
      "optional": true,
      "os": [
        "win32"
      ]
    },
    "node_modules/turbo-windows-arm64": {
      "version": "1.4.3",
      "resolved": "https://registry.npmjs.org/turbo-windows-arm64/-/turbo-windows-arm64-1.4.3.tgz",
      "integrity": "sha512-djnOOBjw33AnUx2SR6TMOpDr3nKLnVD+HcZvnQz70HyE331AKWjBoEE4rtUOteLAfViWAp3afbiljFSOnbU00Q==",
      "cpu": [
        "arm64"
      ],
      "optional": true,
      "os": [
        "win32"
      ]
    },
    "node_modules/typescript": {
      "version": "4.8.2",
      "resolved": "https://registry.npmjs.org/typescript/-/typescript-4.8.2.tgz",
      "integrity": "sha512-C0I1UsrrDHo2fYI5oaCGbSejwX4ch+9Y5jTQELvovfmFkK3HHSZJB8MSJcWLmCUBzQBchCrZ9rMRV6GuNrvGtw==",
      "dev": true,
      "bin": {
        "tsc": "bin/tsc",
        "tsserver": "bin/tsserver"
      },
      "engines": {
        "node": ">=4.2.0"
      }
    },
    "node_modules/wrappy": {
      "version": "1.0.2",
      "resolved": "https://registry.npmjs.org/wrappy/-/wrappy-1.0.2.tgz",
      "integrity": "sha512-l4Sp/DRseor9wL6EvV2+TuQn63dMkPjZ/sp9XkghTEbV9KlPS1xUsZ3u7/IQO4wxtcFB4bgpQPRcR3QCvezPcQ=="
    }
  },
  "dependencies": {
    "@types/glob": {
      "version": "7.2.0",
      "resolved": "https://registry.npmjs.org/@types/glob/-/glob-7.2.0.tgz",
      "integrity": "sha512-ZUxbzKl0IfJILTS6t7ip5fQQM/J3TJYubDm3nMbgubNNYS62eXeUpoLUC8/7fJNiFYHTrGPQn7hspDUzIHX3UA==",
      "dev": true,
      "requires": {
        "@types/minimatch": "*",
        "@types/node": "*"
      }
    },
    "@types/minimatch": {
      "version": "3.0.5",
      "resolved": "https://registry.npmjs.org/@types/minimatch/-/minimatch-3.0.5.tgz",
      "integrity": "sha512-Klz949h02Gz2uZCMGwDUSDS1YBlTdDDgbWHi+81l29tQALUtvz4rAYi5uoVhE5Lagoq6DeqAUlbrHvW/mXDgdQ==",
      "dev": true
    },
    "@types/node": {
      "version": "18.6.4",
      "resolved": "https://registry.npmjs.org/@types/node/-/node-18.6.4.tgz",
      "integrity": "sha512-I4BD3L+6AWiUobfxZ49DlU43gtI+FTHSv9pE2Zekg6KjMpre4ByusaljW3vYSLJrvQ1ck1hUaeVu8HVlY3vzHg==",
      "dev": true
    },
    "balanced-match": {
      "version": "1.0.2",
      "resolved": "https://registry.npmjs.org/balanced-match/-/balanced-match-1.0.2.tgz",
      "integrity": "sha512-3oSeUO0TMV67hN1AmbXsK4yaqU7tjiHlbxRDZOpH0KW9+CeX4bRAaX0Anxt0tx2MrpRpWwQaPwIlISEJhYU5Pw=="
    },
    "brace-expansion": {
      "version": "2.0.1",
      "resolved": "https://registry.npmjs.org/brace-expansion/-/brace-expansion-2.0.1.tgz",
      "integrity": "sha512-XnAIvQ8eM+kC6aULx6wuQiwVsnzsi9d3WxzV3FpWTGA19F621kwdbsAcFKXgKUHZWsy+mY6iL1sHTxWEFCytDA==",
      "requires": {
        "balanced-match": "^1.0.0"
      }
    },
    "fs.realpath": {
      "version": "1.0.0",
      "resolved": "https://registry.npmjs.org/fs.realpath/-/fs.realpath-1.0.0.tgz",
      "integrity": "sha512-OO0pH2lK6a0hZnAdau5ItzHPI6pUlvI7jMVnxUQRtw4owF2wk8lOSabtGDCTP4Ggrg2MbGnWO9X8K1t4+fGMDw=="
    },
    "glob": {
      "version": "8.0.3",
      "resolved": "https://registry.npmjs.org/glob/-/glob-8.0.3.tgz",
      "integrity": "sha512-ull455NHSHI/Y1FqGaaYFaLGkNMMJbavMrEGFXG/PGrg6y7sutWHUHrz6gy6WEBH6akM1M414dWKCNs+IhKdiQ==",
      "requires": {
        "fs.realpath": "^1.0.0",
        "inflight": "^1.0.4",
        "inherits": "2",
        "minimatch": "^5.0.1",
        "once": "^1.3.0"
      }
    },
    "inflight": {
      "version": "1.0.6",
      "resolved": "https://registry.npmjs.org/inflight/-/inflight-1.0.6.tgz",
      "integrity": "sha512-k92I/b08q4wvFscXCLvqfsHCrjrF7yiXsQuIVvVE7N82W3+aqpzuUdBbfhWcy/FZR3/4IgflMgKLOsvPDrGCJA==",
      "requires": {
        "once": "^1.3.0",
        "wrappy": "1"
      }
    },
    "inherits": {
      "version": "2.0.4",
      "resolved": "https://registry.npmjs.org/inherits/-/inherits-2.0.4.tgz",
      "integrity": "sha512-k/vGaX4/Yla3WzyMCvTQOXYeIHvqOKtnqBduzTHpzpQZzAskKMhZ2K+EnBiSM9zGSoIFeMpXKxa4dYeZIQqewQ=="
    },
    "minimatch": {
      "version": "5.1.0",
      "resolved": "https://registry.npmjs.org/minimatch/-/minimatch-5.1.0.tgz",
      "integrity": "sha512-9TPBGGak4nHfGZsPBohm9AWg6NoT7QTCehS3BIJABslyZbzxfV78QM2Y6+i741OPZIafFAaiiEMh5OyIrJPgtg==",
      "requires": {
        "brace-expansion": "^2.0.1"
      }
    },
    "once": {
      "version": "1.4.0",
      "resolved": "https://registry.npmjs.org/once/-/once-1.4.0.tgz",
      "integrity": "sha512-lNaJgI+2Q5URQBkccEKHTQOPaXdUxnZZElQTZY0MFUAuaEqe1E+Nyvgdz/aIyNi6Z9MzO5dv1H8n58/GELp3+w==",
      "requires": {
        "wrappy": "1"
      }
    },
    "tslib": {
      "version": "2.4.0",
      "resolved": "https://registry.npmjs.org/tslib/-/tslib-2.4.0.tgz",
      "integrity": "sha512-d6xOpEDfsi2CZVlPQzGeux8XMwLT9hssAsaPYExaQMuYskwb+x1x7J371tWlbBdWHroy99KnVB6qIkUbs5X3UQ=="
    },
    "turbo": {
      "version": "1.4.3",
      "resolved": "https://registry.npmjs.org/turbo/-/turbo-1.4.3.tgz",
      "integrity": "sha512-g08eD2HdO/XW5xGHnXr0cXGiWnrgFBI6pN/3u0EOTeerKAsWIZU0ZrpSnl3whRtImeBB/gQu7Eu1waM2VOxzgw==",
      "requires": {
        "turbo-android-arm64": "1.4.3",
        "turbo-darwin-64": "1.4.3",
        "turbo-darwin-arm64": "1.4.3",
        "turbo-freebsd-64": "1.4.3",
        "turbo-freebsd-arm64": "1.4.3",
        "turbo-linux-32": "1.4.3",
        "turbo-linux-64": "1.4.3",
        "turbo-linux-arm": "1.4.3",
        "turbo-linux-arm64": "1.4.3",
        "turbo-linux-mips64le": "1.4.3",
        "turbo-linux-ppc64le": "1.4.3",
        "turbo-windows-32": "1.4.3",
        "turbo-windows-64": "1.4.3",
        "turbo-windows-arm64": "1.4.3"
      }
    },
    "turbo-android-arm64": {
      "version": "1.4.3",
      "resolved": "https://registry.npmjs.org/turbo-android-arm64/-/turbo-android-arm64-1.4.3.tgz",
      "integrity": "sha512-ZUvdoEHJkTkOFOO9PKWYrdONDBVqkNsvwEMufTVf07RXgqmbXDPkznzT4hcQm6xXyqWqJdjgSAMdlm+2nNE1Og==",
      "optional": true
    },
    "turbo-darwin-64": {
      "version": "1.4.3",
      "resolved": "https://registry.npmjs.org/turbo-darwin-64/-/turbo-darwin-64-1.4.3.tgz",
      "integrity": "sha512-gapoVm5qbu2TJS4lJ6fM3o2eAkLyXSxHihw/4NRAYmwHCH3at1/cIAnRcctB/HLL3ZaB/p3HKb8mnI7k6xNHOw==",
      "optional": true
    },
    "turbo-darwin-arm64": {
      "version": "1.4.3",
      "resolved": "https://registry.npmjs.org/turbo-darwin-arm64/-/turbo-darwin-arm64-1.4.3.tgz",
      "integrity": "sha512-XUe6FTsHamEH7FfNslYYO04yecAaguhZuwW4kE9B/BAP8MUYsmVqONauLPyE/YqM6pf2K0xwVe+RlEGf53CWbg==",
      "optional": true
    },
    "turbo-freebsd-64": {
      "version": "1.4.3",
      "resolved": "https://registry.npmjs.org/turbo-freebsd-64/-/turbo-freebsd-64-1.4.3.tgz",
      "integrity": "sha512-1CAjXmDClgMXdWZXreUfAbGBB2WB9TZHfJIdsgnDqt4fIcFGChknzYqc+Fj3tGHAczMpinGjBbWIzFuxOq/ofQ==",
      "optional": true
    },
    "turbo-freebsd-arm64": {
      "version": "1.4.3",
      "resolved": "https://registry.npmjs.org/turbo-freebsd-arm64/-/turbo-freebsd-arm64-1.4.3.tgz",
      "integrity": "sha512-j5C7j/vwabPKpr5d6YlLgHGHBZCOcXj3HdkBshDHTQ0wghH0NuCUUaesYxI3wva/4/Ec0dhIrb20Laa/HMxXLA==",
      "optional": true
    },
    "turbo-linux-32": {
      "version": "1.4.3",
      "resolved": "https://registry.npmjs.org/turbo-linux-32/-/turbo-linux-32-1.4.3.tgz",
      "integrity": "sha512-vnc+StXIoQEnxIU43j7rEz/J+v+RV4dbUdUolBq0k9gkUV8KMCcqPkIa753K47E2KLNGKXMaYDI6AHQX1GAQZg==",
      "optional": true
    },
    "turbo-linux-64": {
      "version": "1.4.3",
      "resolved": "https://registry.npmjs.org/turbo-linux-64/-/turbo-linux-64-1.4.3.tgz",
      "integrity": "sha512-KAUeIa8Ejt6BLrBGbVurlrjDxqh62tu75D4cqKqKfzWspcbEtmdqlV6qthXfm8SlzGSNuQXX0+qXEWds2FIZXg==",
      "optional": true
    },
    "turbo-linux-arm": {
      "version": "1.4.3",
      "resolved": "https://registry.npmjs.org/turbo-linux-arm/-/turbo-linux-arm-1.4.3.tgz",
      "integrity": "sha512-zZNoHUK5ioFyxAngh8tHe763Dzb22ne3LJkaZn0ExkFHJtWClWv536lPcDuQPpIH9W9iz5OwPKtN32DNpNwk8A==",
      "optional": true
    },
    "turbo-linux-arm64": {
      "version": "1.4.3",
      "resolved": "https://registry.npmjs.org/turbo-linux-arm64/-/turbo-linux-arm64-1.4.3.tgz",
      "integrity": "sha512-rzB7w+RHCQkKr8aDxxozv/IzdN976CYyBiRocSf9QGU73uyAg8pCo3i0MiENSRjDC+tUbdbu2lEUwGXf9ziB9Q==",
      "optional": true
    },
    "turbo-linux-mips64le": {
      "version": "1.4.3",
      "resolved": "https://registry.npmjs.org/turbo-linux-mips64le/-/turbo-linux-mips64le-1.4.3.tgz",
      "integrity": "sha512-Ztr1BM5NiUsHWjB7zpkP2RpRDA/fjbLaCbkyfyGlLmVkrSkh05NFBD03IWs2LSLy/wb6vRpL3MQ4FKcb97Tn8w==",
      "optional": true
    },
    "turbo-linux-ppc64le": {
      "version": "1.4.3",
      "resolved": "https://registry.npmjs.org/turbo-linux-ppc64le/-/turbo-linux-ppc64le-1.4.3.tgz",
      "integrity": "sha512-tJaFJWxwfy/iLd69VHZj6JcXy9hO8LQ+ZUOna/p/wiy5WrFVgEYlD+4gfECfRZ+52EIelMgXl97vACaN1WMhLw==",
      "optional": true
    },
    "turbo-windows-32": {
      "version": "1.4.3",
      "resolved": "https://registry.npmjs.org/turbo-windows-32/-/turbo-windows-32-1.4.3.tgz",
      "integrity": "sha512-w9LyYd+DW3PYFXu9vQiie5lfdqmVIKLV0h181C49hempkIXfgQAosXfaugYWDwBc0GEBoBIQB0vGQKE7gt5nzA==",
      "optional": true
    },
    "turbo-windows-64": {
      "version": "1.4.3",
      "resolved": "https://registry.npmjs.org/turbo-windows-64/-/turbo-windows-64-1.4.3.tgz",
      "integrity": "sha512-qPCqemxxOrXyqqig3fVQozRkOwo5oJSsQ3FTZE5YlNu2NwwWvY1mC0X4WTZIDsbj4oHqr0riqC7RGKbjQm1IIQ==",
      "optional": true
    },
    "turbo-windows-arm64": {
      "version": "1.4.3",
      "resolved": "https://registry.npmjs.org/turbo-windows-arm64/-/turbo-windows-arm64-1.4.3.tgz",
      "integrity": "sha512-djnOOBjw33AnUx2SR6TMOpDr3nKLnVD+HcZvnQz70HyE331AKWjBoEE4rtUOteLAfViWAp3afbiljFSOnbU00Q==",
      "optional": true
    },
    "typescript": {
      "version": "4.8.2",
      "resolved": "https://registry.npmjs.org/typescript/-/typescript-4.8.2.tgz",
      "integrity": "sha512-C0I1UsrrDHo2fYI5oaCGbSejwX4ch+9Y5jTQELvovfmFkK3HHSZJB8MSJcWLmCUBzQBchCrZ9rMRV6GuNrvGtw==",
      "dev": true
    },
    "wrappy": {
      "version": "1.0.2",
      "resolved": "https://registry.npmjs.org/wrappy/-/wrappy-1.0.2.tgz",
      "integrity": "sha512-l4Sp/DRseor9wL6EvV2+TuQn63dMkPjZ/sp9XkghTEbV9KlPS1xUsZ3u7/IQO4wxtcFB4bgpQPRcR3QCvezPcQ=="
    }
  }
}
