{
  "name": "@discordx/importer",
  "version": "0.0.0",
  "lockfileVersion": 2,
  "requires": true,
  "packages": {
    "": {
      "name": "@discordx/importer",
      "version": "0.0.0",
      "license": "Apache-2.0",
      "dependencies": {
        "glob": "^8.0.3",
        "tslib": "^2.4.0",
        "turbo": "^1.4.2"
      },
      "devDependencies": {
        "@types/glob": "^8.0.0",
        "typescript": "^4.7.4"
      }
    },
    "node_modules/@types/glob": {
      "version": "8.0.0",
      "resolved": "https://registry.npmjs.org/@types/glob/-/glob-8.0.0.tgz",
      "integrity": "sha512-l6NQsDDyQUVeoTynNpC9uRvCUint/gSUXQA2euwmTuWGvPY5LSDUu6tkCtJB2SvGQlJQzLaKqcGZP4//7EDveA==",
      "dev": true,
      "dependencies": {
        "@types/minimatch": "*",
        "@types/node": "*"
      }
    },
    "node_modules/@types/minimatch": {
      "version": "3.0.5",
      "resolved": "https://registry.npmjs.org/@types/minimatch/-/minimatch-3.0.5.tgz",
      "integrity": "sha512-Klz949h02Gz2uZCMGwDUSDS1YBlTdDDgbWHi+81l29tQALUtvz4rAYi5uoVhE5Lagoq6DeqAUlbrHvW/mXDgdQ==",
      "dev": true
    },
    "node_modules/@types/node": {
      "version": "18.6.4",
      "resolved": "https://registry.npmjs.org/@types/node/-/node-18.6.4.tgz",
      "integrity": "sha512-I4BD3L+6AWiUobfxZ49DlU43gtI+FTHSv9pE2Zekg6KjMpre4ByusaljW3vYSLJrvQ1ck1hUaeVu8HVlY3vzHg==",
      "dev": true
    },
    "node_modules/balanced-match": {
      "version": "1.0.2",
      "resolved": "https://registry.npmjs.org/balanced-match/-/balanced-match-1.0.2.tgz",
      "integrity": "sha512-3oSeUO0TMV67hN1AmbXsK4yaqU7tjiHlbxRDZOpH0KW9+CeX4bRAaX0Anxt0tx2MrpRpWwQaPwIlISEJhYU5Pw=="
    },
    "node_modules/brace-expansion": {
      "version": "2.0.1",
      "resolved": "https://registry.npmjs.org/brace-expansion/-/brace-expansion-2.0.1.tgz",
      "integrity": "sha512-XnAIvQ8eM+kC6aULx6wuQiwVsnzsi9d3WxzV3FpWTGA19F621kwdbsAcFKXgKUHZWsy+mY6iL1sHTxWEFCytDA==",
      "dependencies": {
        "balanced-match": "^1.0.0"
      }
    },
    "node_modules/fs.realpath": {
      "version": "1.0.0",
      "resolved": "https://registry.npmjs.org/fs.realpath/-/fs.realpath-1.0.0.tgz",
      "integrity": "sha512-OO0pH2lK6a0hZnAdau5ItzHPI6pUlvI7jMVnxUQRtw4owF2wk8lOSabtGDCTP4Ggrg2MbGnWO9X8K1t4+fGMDw=="
    },
    "node_modules/glob": {
      "version": "8.0.3",
      "resolved": "https://registry.npmjs.org/glob/-/glob-8.0.3.tgz",
      "integrity": "sha512-ull455NHSHI/Y1FqGaaYFaLGkNMMJbavMrEGFXG/PGrg6y7sutWHUHrz6gy6WEBH6akM1M414dWKCNs+IhKdiQ==",
      "dependencies": {
        "fs.realpath": "^1.0.0",
        "inflight": "^1.0.4",
        "inherits": "2",
        "minimatch": "^5.0.1",
        "once": "^1.3.0"
      },
      "engines": {
        "node": ">=12"
      },
      "funding": {
        "url": "https://github.com/sponsors/isaacs"
      }
    },
    "node_modules/inflight": {
      "version": "1.0.6",
      "resolved": "https://registry.npmjs.org/inflight/-/inflight-1.0.6.tgz",
      "integrity": "sha512-k92I/b08q4wvFscXCLvqfsHCrjrF7yiXsQuIVvVE7N82W3+aqpzuUdBbfhWcy/FZR3/4IgflMgKLOsvPDrGCJA==",
      "dependencies": {
        "once": "^1.3.0",
        "wrappy": "1"
      }
    },
    "node_modules/inherits": {
      "version": "2.0.4",
      "resolved": "https://registry.npmjs.org/inherits/-/inherits-2.0.4.tgz",
      "integrity": "sha512-k/vGaX4/Yla3WzyMCvTQOXYeIHvqOKtnqBduzTHpzpQZzAskKMhZ2K+EnBiSM9zGSoIFeMpXKxa4dYeZIQqewQ=="
    },
    "node_modules/minimatch": {
      "version": "5.1.0",
      "resolved": "https://registry.npmjs.org/minimatch/-/minimatch-5.1.0.tgz",
      "integrity": "sha512-9TPBGGak4nHfGZsPBohm9AWg6NoT7QTCehS3BIJABslyZbzxfV78QM2Y6+i741OPZIafFAaiiEMh5OyIrJPgtg==",
      "dependencies": {
        "brace-expansion": "^2.0.1"
      },
      "engines": {
        "node": ">=10"
      }
    },
    "node_modules/once": {
      "version": "1.4.0",
      "resolved": "https://registry.npmjs.org/once/-/once-1.4.0.tgz",
      "integrity": "sha512-lNaJgI+2Q5URQBkccEKHTQOPaXdUxnZZElQTZY0MFUAuaEqe1E+Nyvgdz/aIyNi6Z9MzO5dv1H8n58/GELp3+w==",
      "dependencies": {
        "wrappy": "1"
      }
    },
    "node_modules/tslib": {
      "version": "2.4.0",
      "resolved": "https://registry.npmjs.org/tslib/-/tslib-2.4.0.tgz",
      "integrity": "sha512-d6xOpEDfsi2CZVlPQzGeux8XMwLT9hssAsaPYExaQMuYskwb+x1x7J371tWlbBdWHroy99KnVB6qIkUbs5X3UQ=="
    },
    "node_modules/turbo": {
      "version": "1.4.6",
      "resolved": "https://registry.npmjs.org/turbo/-/turbo-1.4.6.tgz",
      "integrity": "sha512-FKtBXlOJ7YjSK22yj4sJLCtDcHFElypt7xw9cZN7Wyv9x4XBrTmh5KP6RmcGnRR1/GJlTNwD2AY2T9QTPnHh+g==",
      "hasInstallScript": true,
      "bin": {
        "turbo": "bin/turbo"
      },
      "optionalDependencies": {
        "turbo-android-arm64": "1.4.6",
        "turbo-darwin-64": "1.4.6",
        "turbo-darwin-arm64": "1.4.6",
        "turbo-freebsd-64": "1.4.6",
        "turbo-freebsd-arm64": "1.4.6",
        "turbo-linux-32": "1.4.6",
        "turbo-linux-64": "1.4.6",
        "turbo-linux-arm": "1.4.6",
        "turbo-linux-arm64": "1.4.6",
        "turbo-linux-mips64le": "1.4.6",
        "turbo-linux-ppc64le": "1.4.6",
        "turbo-windows-32": "1.4.6",
        "turbo-windows-64": "1.4.6",
        "turbo-windows-arm64": "1.4.6"
      }
    },
    "node_modules/turbo-android-arm64": {
      "version": "1.4.6",
      "resolved": "https://registry.npmjs.org/turbo-android-arm64/-/turbo-android-arm64-1.4.6.tgz",
      "integrity": "sha512-YxSlHc64CF5J7yNUMiLBHkeLyzrpe75Oy7tivWb3z7ySG44BXPikk4HDJZPh0T1ELvukDwuPKkvDukJ2oCLJpA==",
      "cpu": [
        "arm64"
      ],
      "optional": true,
      "os": [
        "android"
      ]
    },
    "node_modules/turbo-darwin-64": {
      "version": "1.4.6",
      "resolved": "https://registry.npmjs.org/turbo-darwin-64/-/turbo-darwin-64-1.4.6.tgz",
      "integrity": "sha512-f6uto7LLpjwZ6iZSF+8uaDpuiTji6xmnWDxNuW23DBE8iv5mxehHd+6Ys851uKDRrPb3QdCu9ctyigKTAla5Vg==",
      "cpu": [
        "x64"
      ],
      "optional": true,
      "os": [
        "darwin"
      ]
    },
    "node_modules/turbo-darwin-arm64": {
      "version": "1.4.6",
      "resolved": "https://registry.npmjs.org/turbo-darwin-arm64/-/turbo-darwin-arm64-1.4.6.tgz",
      "integrity": "sha512-o9C6e5XyuMHQwE0fEhUxfpXxvNr2QXXWX8nxIjygxeF19AqKbk/s08vZBOEmXV6/gx/pRhZ1S2nf0PIUjKBD/Q==",
      "cpu": [
        "arm64"
      ],
      "optional": true,
      "os": [
        "darwin"
      ]
    },
    "node_modules/turbo-freebsd-64": {
      "version": "1.4.6",
      "resolved": "https://registry.npmjs.org/turbo-freebsd-64/-/turbo-freebsd-64-1.4.6.tgz",
      "integrity": "sha512-Gg9VOUo6McXYKGevcYjGUSmMryZyZggvpdPh7Dw3QTcT8Tsy6OBtq6WnJ2O4kFDsMigyKtEOJPceD9vDMZt3yQ==",
      "cpu": [
        "x64"
      ],
      "optional": true,
      "os": [
        "freebsd"
      ]
    },
    "node_modules/turbo-freebsd-arm64": {
      "version": "1.4.6",
      "resolved": "https://registry.npmjs.org/turbo-freebsd-arm64/-/turbo-freebsd-arm64-1.4.6.tgz",
      "integrity": "sha512-W7VrcneWFN1QENKt5cpAPSsf9ArYBBAm3VtPBZEO5tX8kuahGlah1SKdKJXrRxYOY82wyNxDagS/rHpBlrAAzw==",
      "cpu": [
        "arm64"
      ],
      "optional": true,
      "os": [
        "freebsd"
      ]
    },
    "node_modules/turbo-linux-32": {
      "version": "1.4.6",
      "resolved": "https://registry.npmjs.org/turbo-linux-32/-/turbo-linux-32-1.4.6.tgz",
      "integrity": "sha512-76j/zsui6mWPX8pZVMGgF8eiKHPmKuGa2lo0A/Ja0HUvdYCOGUfHsWJGVVIeYbuEp3jsKyVt7OnMDeH9CqO6bg==",
      "cpu": [
        "ia32"
      ],
      "optional": true,
      "os": [
        "linux"
      ]
    },
    "node_modules/turbo-linux-64": {
      "version": "1.4.6",
      "resolved": "https://registry.npmjs.org/turbo-linux-64/-/turbo-linux-64-1.4.6.tgz",
      "integrity": "sha512-z4A37Xm7lZyO9ddtGnvQHWMrsAKX6vFBxdbtb9MY76VRblo7lWSuk4LwCeM+T+ZDJ9LBFiF7aD/diRShlLx9jA==",
      "cpu": [
        "x64"
      ],
      "optional": true,
      "os": [
        "linux"
      ]
    },
    "node_modules/turbo-linux-arm": {
      "version": "1.4.6",
      "resolved": "https://registry.npmjs.org/turbo-linux-arm/-/turbo-linux-arm-1.4.6.tgz",
      "integrity": "sha512-Uh/V3oaAdhyZW6FKPpKihAxQo3EbvLaVNnzzkBmBnvHRkqoDJHhpuG72V7nn8pzxVbJ1++NEVjvbc2kmKFvGjg==",
      "cpu": [
        "arm"
      ],
      "optional": true,
      "os": [
        "linux"
      ]
    },
    "node_modules/turbo-linux-arm64": {
      "version": "1.4.6",
      "resolved": "https://registry.npmjs.org/turbo-linux-arm64/-/turbo-linux-arm64-1.4.6.tgz",
      "integrity": "sha512-FW1jmOpZfOoVVvml338N0MPnYjiMyYWTaMb4T+IosgGYymcUE3xJjfXJcqfU/9/uKTyY8zG0qr9/5rw2kpMS2Q==",
      "cpu": [
        "arm64"
      ],
      "optional": true,
      "os": [
        "linux"
      ]
    },
    "node_modules/turbo-linux-mips64le": {
      "version": "1.4.6",
      "resolved": "https://registry.npmjs.org/turbo-linux-mips64le/-/turbo-linux-mips64le-1.4.6.tgz",
      "integrity": "sha512-iWaL3Pwj52BH3T2M8nXScmbSnq4+x47MYK7lJMG7FsZGAIoT5ToO1Wt1iX3GRHTcnIZYm/kCfJ1ptK/NCossLA==",
      "cpu": [
        "mipsel"
      ],
      "optional": true,
      "os": [
        "linux"
      ]
    },
    "node_modules/turbo-linux-ppc64le": {
      "version": "1.4.6",
      "resolved": "https://registry.npmjs.org/turbo-linux-ppc64le/-/turbo-linux-ppc64le-1.4.6.tgz",
      "integrity": "sha512-Af/KlUmpiORDyELxT7byXNWl3fefErGQMJfeqXEtAdhs8OCKQWuU+lchcZbiBZYNpL+lZoa3PAmP9Fpx7R4plA==",
      "cpu": [
        "ppc64"
      ],
      "optional": true,
      "os": [
        "linux"
      ]
    },
    "node_modules/turbo-windows-32": {
      "version": "1.4.6",
      "resolved": "https://registry.npmjs.org/turbo-windows-32/-/turbo-windows-32-1.4.6.tgz",
      "integrity": "sha512-NBd+XPlRSaR//lVN13Q9DOqK3CbowSvafIyGsO4jfvMsGTdyNDL6AYtFsvTKW91/G7ZhATmSEkPn2pZRuhP/DA==",
      "cpu": [
        "ia32"
      ],
      "optional": true,
      "os": [
        "win32"
      ]
    },
    "node_modules/turbo-windows-64": {
      "version": "1.4.6",
      "resolved": "https://registry.npmjs.org/turbo-windows-64/-/turbo-windows-64-1.4.6.tgz",
      "integrity": "sha512-86AbmG+CjzVTpn4RGtwU2CYy4zSyAc9bIQ4pDGLIpCJg6JlD11duaiMJh0SCU/HCqWLJjWDI4qD+f9WNbgPsyQ==",
      "cpu": [
        "x64"
      ],
      "optional": true,
      "os": [
        "win32"
      ]
    },
    "node_modules/turbo-windows-arm64": {
      "version": "1.4.6",
      "resolved": "https://registry.npmjs.org/turbo-windows-arm64/-/turbo-windows-arm64-1.4.6.tgz",
      "integrity": "sha512-V+pWcqhTtmQQ3ew8qEjYtUwzyW6tO1RgvP+6OKzItYzTnMTr1Fe42Q21V+tqRNxuNfFDKsgVJdk2p5wB87bvyQ==",
      "cpu": [
        "arm64"
      ],
      "optional": true,
      "os": [
        "win32"
      ]
    },
    "node_modules/typescript": {
      "version": "4.8.3",
      "resolved": "https://registry.npmjs.org/typescript/-/typescript-4.8.3.tgz",
      "integrity": "sha512-goMHfm00nWPa8UvR/CPSvykqf6dVV8x/dp0c5mFTMTIu0u0FlGWRioyy7Nn0PGAdHxpJZnuO/ut+PpQ8UiHAig==",
      "dev": true,
      "bin": {
        "tsc": "bin/tsc",
        "tsserver": "bin/tsserver"
      },
      "engines": {
        "node": ">=4.2.0"
      }
    },
    "node_modules/wrappy": {
      "version": "1.0.2",
      "resolved": "https://registry.npmjs.org/wrappy/-/wrappy-1.0.2.tgz",
      "integrity": "sha512-l4Sp/DRseor9wL6EvV2+TuQn63dMkPjZ/sp9XkghTEbV9KlPS1xUsZ3u7/IQO4wxtcFB4bgpQPRcR3QCvezPcQ=="
    }
  },
  "dependencies": {
    "@types/glob": {
      "version": "8.0.0",
      "resolved": "https://registry.npmjs.org/@types/glob/-/glob-8.0.0.tgz",
      "integrity": "sha512-l6NQsDDyQUVeoTynNpC9uRvCUint/gSUXQA2euwmTuWGvPY5LSDUu6tkCtJB2SvGQlJQzLaKqcGZP4//7EDveA==",
      "dev": true,
      "requires": {
        "@types/minimatch": "*",
        "@types/node": "*"
      }
    },
    "@types/minimatch": {
      "version": "3.0.5",
      "resolved": "https://registry.npmjs.org/@types/minimatch/-/minimatch-3.0.5.tgz",
      "integrity": "sha512-Klz949h02Gz2uZCMGwDUSDS1YBlTdDDgbWHi+81l29tQALUtvz4rAYi5uoVhE5Lagoq6DeqAUlbrHvW/mXDgdQ==",
      "dev": true
    },
    "@types/node": {
      "version": "18.6.4",
      "resolved": "https://registry.npmjs.org/@types/node/-/node-18.6.4.tgz",
      "integrity": "sha512-I4BD3L+6AWiUobfxZ49DlU43gtI+FTHSv9pE2Zekg6KjMpre4ByusaljW3vYSLJrvQ1ck1hUaeVu8HVlY3vzHg==",
      "dev": true
    },
    "balanced-match": {
      "version": "1.0.2",
      "resolved": "https://registry.npmjs.org/balanced-match/-/balanced-match-1.0.2.tgz",
      "integrity": "sha512-3oSeUO0TMV67hN1AmbXsK4yaqU7tjiHlbxRDZOpH0KW9+CeX4bRAaX0Anxt0tx2MrpRpWwQaPwIlISEJhYU5Pw=="
    },
    "brace-expansion": {
      "version": "2.0.1",
      "resolved": "https://registry.npmjs.org/brace-expansion/-/brace-expansion-2.0.1.tgz",
      "integrity": "sha512-XnAIvQ8eM+kC6aULx6wuQiwVsnzsi9d3WxzV3FpWTGA19F621kwdbsAcFKXgKUHZWsy+mY6iL1sHTxWEFCytDA==",
      "requires": {
        "balanced-match": "^1.0.0"
      }
    },
    "fs.realpath": {
      "version": "1.0.0",
      "resolved": "https://registry.npmjs.org/fs.realpath/-/fs.realpath-1.0.0.tgz",
      "integrity": "sha512-OO0pH2lK6a0hZnAdau5ItzHPI6pUlvI7jMVnxUQRtw4owF2wk8lOSabtGDCTP4Ggrg2MbGnWO9X8K1t4+fGMDw=="
    },
    "glob": {
      "version": "8.0.3",
      "resolved": "https://registry.npmjs.org/glob/-/glob-8.0.3.tgz",
      "integrity": "sha512-ull455NHSHI/Y1FqGaaYFaLGkNMMJbavMrEGFXG/PGrg6y7sutWHUHrz6gy6WEBH6akM1M414dWKCNs+IhKdiQ==",
      "requires": {
        "fs.realpath": "^1.0.0",
        "inflight": "^1.0.4",
        "inherits": "2",
        "minimatch": "^5.0.1",
        "once": "^1.3.0"
      }
    },
    "inflight": {
      "version": "1.0.6",
      "resolved": "https://registry.npmjs.org/inflight/-/inflight-1.0.6.tgz",
      "integrity": "sha512-k92I/b08q4wvFscXCLvqfsHCrjrF7yiXsQuIVvVE7N82W3+aqpzuUdBbfhWcy/FZR3/4IgflMgKLOsvPDrGCJA==",
      "requires": {
        "once": "^1.3.0",
        "wrappy": "1"
      }
    },
    "inherits": {
      "version": "2.0.4",
      "resolved": "https://registry.npmjs.org/inherits/-/inherits-2.0.4.tgz",
      "integrity": "sha512-k/vGaX4/Yla3WzyMCvTQOXYeIHvqOKtnqBduzTHpzpQZzAskKMhZ2K+EnBiSM9zGSoIFeMpXKxa4dYeZIQqewQ=="
    },
    "minimatch": {
      "version": "5.1.0",
      "resolved": "https://registry.npmjs.org/minimatch/-/minimatch-5.1.0.tgz",
      "integrity": "sha512-9TPBGGak4nHfGZsPBohm9AWg6NoT7QTCehS3BIJABslyZbzxfV78QM2Y6+i741OPZIafFAaiiEMh5OyIrJPgtg==",
      "requires": {
        "brace-expansion": "^2.0.1"
      }
    },
    "once": {
      "version": "1.4.0",
      "resolved": "https://registry.npmjs.org/once/-/once-1.4.0.tgz",
      "integrity": "sha512-lNaJgI+2Q5URQBkccEKHTQOPaXdUxnZZElQTZY0MFUAuaEqe1E+Nyvgdz/aIyNi6Z9MzO5dv1H8n58/GELp3+w==",
      "requires": {
        "wrappy": "1"
      }
    },
    "tslib": {
      "version": "2.4.0",
      "resolved": "https://registry.npmjs.org/tslib/-/tslib-2.4.0.tgz",
      "integrity": "sha512-d6xOpEDfsi2CZVlPQzGeux8XMwLT9hssAsaPYExaQMuYskwb+x1x7J371tWlbBdWHroy99KnVB6qIkUbs5X3UQ=="
    },
    "turbo": {
      "version": "1.4.6",
      "resolved": "https://registry.npmjs.org/turbo/-/turbo-1.4.6.tgz",
      "integrity": "sha512-FKtBXlOJ7YjSK22yj4sJLCtDcHFElypt7xw9cZN7Wyv9x4XBrTmh5KP6RmcGnRR1/GJlTNwD2AY2T9QTPnHh+g==",
      "requires": {
        "turbo-android-arm64": "1.4.6",
        "turbo-darwin-64": "1.4.6",
        "turbo-darwin-arm64": "1.4.6",
        "turbo-freebsd-64": "1.4.6",
        "turbo-freebsd-arm64": "1.4.6",
        "turbo-linux-32": "1.4.6",
        "turbo-linux-64": "1.4.6",
        "turbo-linux-arm": "1.4.6",
        "turbo-linux-arm64": "1.4.6",
        "turbo-linux-mips64le": "1.4.6",
        "turbo-linux-ppc64le": "1.4.6",
        "turbo-windows-32": "1.4.6",
        "turbo-windows-64": "1.4.6",
        "turbo-windows-arm64": "1.4.6"
      }
    },
    "turbo-android-arm64": {
      "version": "1.4.6",
      "resolved": "https://registry.npmjs.org/turbo-android-arm64/-/turbo-android-arm64-1.4.6.tgz",
      "integrity": "sha512-YxSlHc64CF5J7yNUMiLBHkeLyzrpe75Oy7tivWb3z7ySG44BXPikk4HDJZPh0T1ELvukDwuPKkvDukJ2oCLJpA==",
      "optional": true
    },
    "turbo-darwin-64": {
      "version": "1.4.6",
      "resolved": "https://registry.npmjs.org/turbo-darwin-64/-/turbo-darwin-64-1.4.6.tgz",
      "integrity": "sha512-f6uto7LLpjwZ6iZSF+8uaDpuiTji6xmnWDxNuW23DBE8iv5mxehHd+6Ys851uKDRrPb3QdCu9ctyigKTAla5Vg==",
      "optional": true
    },
    "turbo-darwin-arm64": {
      "version": "1.4.6",
      "resolved": "https://registry.npmjs.org/turbo-darwin-arm64/-/turbo-darwin-arm64-1.4.6.tgz",
      "integrity": "sha512-o9C6e5XyuMHQwE0fEhUxfpXxvNr2QXXWX8nxIjygxeF19AqKbk/s08vZBOEmXV6/gx/pRhZ1S2nf0PIUjKBD/Q==",
      "optional": true
    },
    "turbo-freebsd-64": {
      "version": "1.4.6",
      "resolved": "https://registry.npmjs.org/turbo-freebsd-64/-/turbo-freebsd-64-1.4.6.tgz",
      "integrity": "sha512-Gg9VOUo6McXYKGevcYjGUSmMryZyZggvpdPh7Dw3QTcT8Tsy6OBtq6WnJ2O4kFDsMigyKtEOJPceD9vDMZt3yQ==",
      "optional": true
    },
    "turbo-freebsd-arm64": {
      "version": "1.4.6",
      "resolved": "https://registry.npmjs.org/turbo-freebsd-arm64/-/turbo-freebsd-arm64-1.4.6.tgz",
      "integrity": "sha512-W7VrcneWFN1QENKt5cpAPSsf9ArYBBAm3VtPBZEO5tX8kuahGlah1SKdKJXrRxYOY82wyNxDagS/rHpBlrAAzw==",
      "optional": true
    },
    "turbo-linux-32": {
      "version": "1.4.6",
      "resolved": "https://registry.npmjs.org/turbo-linux-32/-/turbo-linux-32-1.4.6.tgz",
      "integrity": "sha512-76j/zsui6mWPX8pZVMGgF8eiKHPmKuGa2lo0A/Ja0HUvdYCOGUfHsWJGVVIeYbuEp3jsKyVt7OnMDeH9CqO6bg==",
      "optional": true
    },
    "turbo-linux-64": {
      "version": "1.4.6",
      "resolved": "https://registry.npmjs.org/turbo-linux-64/-/turbo-linux-64-1.4.6.tgz",
      "integrity": "sha512-z4A37Xm7lZyO9ddtGnvQHWMrsAKX6vFBxdbtb9MY76VRblo7lWSuk4LwCeM+T+ZDJ9LBFiF7aD/diRShlLx9jA==",
      "optional": true
    },
    "turbo-linux-arm": {
      "version": "1.4.6",
      "resolved": "https://registry.npmjs.org/turbo-linux-arm/-/turbo-linux-arm-1.4.6.tgz",
      "integrity": "sha512-Uh/V3oaAdhyZW6FKPpKihAxQo3EbvLaVNnzzkBmBnvHRkqoDJHhpuG72V7nn8pzxVbJ1++NEVjvbc2kmKFvGjg==",
      "optional": true
    },
    "turbo-linux-arm64": {
      "version": "1.4.6",
      "resolved": "https://registry.npmjs.org/turbo-linux-arm64/-/turbo-linux-arm64-1.4.6.tgz",
      "integrity": "sha512-FW1jmOpZfOoVVvml338N0MPnYjiMyYWTaMb4T+IosgGYymcUE3xJjfXJcqfU/9/uKTyY8zG0qr9/5rw2kpMS2Q==",
      "optional": true
    },
    "turbo-linux-mips64le": {
      "version": "1.4.6",
      "resolved": "https://registry.npmjs.org/turbo-linux-mips64le/-/turbo-linux-mips64le-1.4.6.tgz",
      "integrity": "sha512-iWaL3Pwj52BH3T2M8nXScmbSnq4+x47MYK7lJMG7FsZGAIoT5ToO1Wt1iX3GRHTcnIZYm/kCfJ1ptK/NCossLA==",
      "optional": true
    },
    "turbo-linux-ppc64le": {
      "version": "1.4.6",
      "resolved": "https://registry.npmjs.org/turbo-linux-ppc64le/-/turbo-linux-ppc64le-1.4.6.tgz",
      "integrity": "sha512-Af/KlUmpiORDyELxT7byXNWl3fefErGQMJfeqXEtAdhs8OCKQWuU+lchcZbiBZYNpL+lZoa3PAmP9Fpx7R4plA==",
      "optional": true
    },
    "turbo-windows-32": {
      "version": "1.4.6",
      "resolved": "https://registry.npmjs.org/turbo-windows-32/-/turbo-windows-32-1.4.6.tgz",
      "integrity": "sha512-NBd+XPlRSaR//lVN13Q9DOqK3CbowSvafIyGsO4jfvMsGTdyNDL6AYtFsvTKW91/G7ZhATmSEkPn2pZRuhP/DA==",
      "optional": true
    },
    "turbo-windows-64": {
      "version": "1.4.6",
      "resolved": "https://registry.npmjs.org/turbo-windows-64/-/turbo-windows-64-1.4.6.tgz",
      "integrity": "sha512-86AbmG+CjzVTpn4RGtwU2CYy4zSyAc9bIQ4pDGLIpCJg6JlD11duaiMJh0SCU/HCqWLJjWDI4qD+f9WNbgPsyQ==",
      "optional": true
    },
    "turbo-windows-arm64": {
      "version": "1.4.6",
      "resolved": "https://registry.npmjs.org/turbo-windows-arm64/-/turbo-windows-arm64-1.4.6.tgz",
      "integrity": "sha512-V+pWcqhTtmQQ3ew8qEjYtUwzyW6tO1RgvP+6OKzItYzTnMTr1Fe42Q21V+tqRNxuNfFDKsgVJdk2p5wB87bvyQ==",
      "optional": true
    },
    "typescript": {
      "version": "4.8.3",
      "resolved": "https://registry.npmjs.org/typescript/-/typescript-4.8.3.tgz",
      "integrity": "sha512-goMHfm00nWPa8UvR/CPSvykqf6dVV8x/dp0c5mFTMTIu0u0FlGWRioyy7Nn0PGAdHxpJZnuO/ut+PpQ8UiHAig==",
      "dev": true
    },
    "wrappy": {
      "version": "1.0.2",
      "resolved": "https://registry.npmjs.org/wrappy/-/wrappy-1.0.2.tgz",
      "integrity": "sha512-l4Sp/DRseor9wL6EvV2+TuQn63dMkPjZ/sp9XkghTEbV9KlPS1xUsZ3u7/IQO4wxtcFB4bgpQPRcR3QCvezPcQ=="
    }
  }
}
